
Microsoft Visual Studio Solution File, Format Version 12.00
# Visual Studio Version 17
VisualStudioVersion = 17.4.33122.133
MinimumVisualStudioVersion = 10.0.40219.1
Project("{FAE04EC0-301F-11D3-BF4B-00C04F79EFBC}") = "RemoveDuplicatesSortedArray", "RemoveDuplicatesSortedArray\RemoveDuplicatesSortedArray.csproj", "{3B231C57-BCC3-4DA6-A5C1-3796B30BF4EE}"
EndProject
Project("{FAE04EC0-301F-11D3-BF4B-00C04F79EFBC}") = "RemoveDuplicatesSortedArray.Tests", "RemoveDuplicatesSortedArray.Tests\RemoveDuplicatesSortedArray.Tests.csproj", "{CF8E3FE1-5A6F-4631-BC62-66A503C88FF7}"
EndProject
Global
	GlobalSection(SolutionConfigurationPlatforms) = preSolution
		Debug|Any CPU = Debug|Any CPU
		Release|Any CPU = Release|Any CPU
	EndGlobalSection
	GlobalSection(ProjectConfigurationPlatforms) = postSolution
		{3B231C57-BCC3-4DA6-A5C1-3796B30BF4EE}.Debug|Any CPU.ActiveCfg = Debug|Any CPU
		{3B231C57-BCC3-4DA6-A5C1-3796B30BF4EE}.Debug|Any CPU.Build.0 = Debug|Any CPU
		{3B231C57-BCC3-4DA6-A5C1-3796B30BF4EE}.Release|Any CPU.ActiveCfg = Release|Any CPU
		{3B231C57-BCC3-4DA6-A5C1-3796B30BF4EE}.Release|Any CPU.Build.0 = Release|Any CPU
		{CF8E3FE1-5A6F-4631-BC62-66A503C88FF7}.Debug|Any CPU.ActiveCfg = Debug|Any CPU
		{CF8E3FE1-5A6F-4631-BC62-66A503C88FF7}.Debug|Any CPU.Build.0 = Debug|Any CPU
		{CF8E3FE1-5A6F-4631-BC62-66A503C88FF7}.Release|Any CPU.ActiveCfg = Release|Any CPU
		{CF8E3FE1-5A6F-4631-BC62-66A503C88FF7}.Release|Any CPU.Build.0 = Release|Any CPU
	EndGlobalSection
	GlobalSection(SolutionProperties) = preSolution
		HideSolutionNode = FALSE
	EndGlobalSection
	GlobalSection(ExtensibilityGlobals) = postSolution
		SolutionGuid = {4D58267C-B64E-43EB-8E0D-D8986F39DEB7}
	EndGlobalSection
EndGlobal
